# THIS IS AN AUTOGENERATED FILE. DO NOT EDIT THIS FILE DIRECTLY.
# yarn lockfile v1


alchemy-custom-model@^0.1.1:
  version "0.1.1"
  resolved "https://registry.yarnpkg.com/alchemy-custom-model/-/alchemy-custom-model-0.1.1.tgz#82f5243370d5e21441fe9b0178e6a3bc8474f92f"
  integrity sha512-UM106lcf60dx0700IUgSALZnKcm40kP2hTVc9FWtFmPy4xU4hhpINMDe1CKZ0x051Lz+Kx7xsUO0rjx4cOaDSg==
  dependencies:
    eventemitter3 "^3.1.0"
    lodash "^4.17.11"

eventemitter3@^3.1.0:
  version "3.1.0"
  resolved "https://registry.yarnpkg.com/eventemitter3/-/eventemitter3-3.1.0.tgz#090b4d6cdbd645ed10bf750d4b5407942d7ba163"
  integrity sha512-ivIvhpq/Y0uSjcHDcOIccjmYjGLcP09MFGE7ysAwkAvkXfpZlC985pH2/ui64DKazbTW/4kN3yqozUxlXzI6cA==

lodash@^4.17.11:
  version "4.17.11"
  resolved "https://registry.yarnpkg.com/lodash/-/lodash-4.17.11.tgz#b39ea6229ef607ecd89e2c8df12536891cac9b8d"
  integrity sha512-cQKh8igo5QUhZ7lg38DYWAxMvjSAKG0A8wGSVimP07SIUEK2UO+arSRKbRZWtelMtN5V0Hkwh5ryOto/SshYIg==
